
Microsoft Visual Studio Solution File, Format Version 12.00
# Visual Studio Version 17
VisualStudioVersion = 17.0.31903.59
MinimumVisualStudioVersion = 10.0.40219.1
Project("{FAE04EC0-301F-11D3-BF4B-00C04F79EFBC}") = "Projekt_Kod", "Projekt_Kod\Projekt_Kod.csproj", "{A8DBC428-C3A9-4347-A89F-8A7675B497A8}"
EndProject
Project("{FAE04EC0-301F-11D3-BF4B-00C04F79EFBC}") = "Projekt_Klient", "Projekt_Klient\Projekt_Klient.csproj", "{9EB29B1B-9821-462F-BBE1-442B32F0DD53}"
EndProject
Global
	GlobalSection(SolutionConfigurationPlatforms) = preSolution
		Debug|Any CPU = Debug|Any CPU
		Release|Any CPU = Release|Any CPU
	EndGlobalSection
	GlobalSection(SolutionProperties) = preSolution
		HideSolutionNode = FALSE
	EndGlobalSection
	GlobalSection(ProjectConfigurationPlatforms) = postSolution
		{A8DBC428-C3A9-4347-A89F-8A7675B497A8}.Debug|Any CPU.ActiveCfg = Debug|Any CPU
		{A8DBC428-C3A9-4347-A89F-8A7675B497A8}.Debug|Any CPU.Build.0 = Debug|Any CPU
		{A8DBC428-C3A9-4347-A89F-8A7675B497A8}.Release|Any CPU.ActiveCfg = Release|Any CPU
		{A8DBC428-C3A9-4347-A89F-8A7675B497A8}.Release|Any CPU.Build.0 = Release|Any CPU
		{9EB29B1B-9821-462F-BBE1-442B32F0DD53}.Debug|Any CPU.ActiveCfg = Debug|Any CPU
		{9EB29B1B-9821-462F-BBE1-442B32F0DD53}.Debug|Any CPU.Build.0 = Debug|Any CPU
		{9EB29B1B-9821-462F-BBE1-442B32F0DD53}.Release|Any CPU.ActiveCfg = Release|Any CPU
		{9EB29B1B-9821-462F-BBE1-442B32F0DD53}.Release|Any CPU.Build.0 = Release|Any CPU
	EndGlobalSection
EndGlobal
